{
  "name": "ddttoschema",
  "version": "1.0.0",
  "lockfileVersion": 1,
  "requires": true,
  "dependencies": {
    "ansi-regex": {
      "version": "0.2.1",
      "resolved": "https://registry.npmjs.org/ansi-regex/-/ansi-regex-0.2.1.tgz",
      "integrity": "sha1-DY6UaWej2BQ/k+JOKYUl/BsiNfk="
    },
    "ansi-styles": {
      "version": "1.1.0",
      "resolved": "https://registry.npmjs.org/ansi-styles/-/ansi-styles-1.1.0.tgz",
      "integrity": "sha1-6uy/Zs1waIJ2Cy9GkVgrj1XXp94="
    },
    "balanced-match": {
      "version": "1.0.0",
      "resolved": "https://registry.npmjs.org/balanced-match/-/balanced-match-1.0.0.tgz",
      "integrity": "sha1-ibTRmasr7kneFk6gK4nORi1xt2c="
    },
    "bindings": {
      "version": "1.2.1",
      "resolved": "https://registry.npmjs.org/bindings/-/bindings-1.2.1.tgz",
      "integrity": "sha1-FK1hE4EtLTfXLme0ystLtyZQXxE="
    },
    "bluebird": {
      "version": "2.11.0",
      "resolved": "https://registry.npmjs.org/bluebird/-/bluebird-2.11.0.tgz",
      "integrity": "sha1-U0uQM8AiyVecVro7Plpcqvu2UOE="
    },
    "brace-expansion": {
      "version": "1.1.11",
      "resolved": "https://registry.npmjs.org/brace-expansion/-/brace-expansion-1.1.11.tgz",
      "integrity": "sha512-iCuPHDFgrHX7H2vEI/5xpz07zSHB00TpugqhmYtVmMO6518mCuRMoOYFldEBl0g187ufozdaHgWKcYFb61qGiA==",
      "requires": {
        "balanced-match": "^1.0.0",
        "concat-map": "0.0.1"
      }
    },
    "buffer-writer": {
      "version": "1.0.1",
      "resolved": "https://registry.npmjs.org/buffer-writer/-/buffer-writer-1.0.1.tgz",
      "integrity": "sha1-Iqk2kB4wKa/NdUfrRIfOtpejvwg="
    },
    "chalk": {
      "version": "0.5.1",
      "resolved": "https://registry.npmjs.org/chalk/-/chalk-0.5.1.tgz",
      "integrity": "sha1-Zjs6ZItotV0EaQ1JFnqoN4WPIXQ=",
      "requires": {
        "ansi-styles": "^1.1.0",
        "escape-string-regexp": "^1.0.0",
        "has-ansi": "^0.1.0",
        "strip-ansi": "^0.3.0",
        "supports-color": "^0.2.0"
      }
    },
    "commander": {
      "version": "2.17.1",
      "resolved": "https://registry.npmjs.org/commander/-/commander-2.17.1.tgz",
      "integrity": "sha512-wPMUt6FnH2yzG95SA6mzjQOEKUU3aLaDEmzs1ti+1E9h+CsrZghRlqEM/EJ4KscsQVG8uNN4uVreUeT8+drlgg=="
    },
    "concat-map": {
      "version": "0.0.1",
      "resolved": "https://registry.npmjs.org/concat-map/-/concat-map-0.0.1.tgz",
      "integrity": "sha1-2Klr13/Wjfd5OnMDajug1UBdR3s="
    },
    "core-util-is": {
      "version": "1.0.2",
      "resolved": "https://registry.npmjs.org/core-util-is/-/core-util-is-1.0.2.tgz",
      "integrity": "sha1-tf1UIgqivFq1eqtxQMlAdUUDwac="
    },
    "ddl": {
      "version": "2.0.2",
      "resolved": "https://registry.npmjs.org/ddl/-/ddl-2.0.2.tgz",
      "integrity": "sha1-lUID+hJwS3lSKOpbZFGR06BL3wI=",
      "requires": {
        "lazy-object": ">= 1.0.0 < 2"
      }
    },
    "escape-string-regexp": {
      "version": "1.0.5",
      "resolved": "https://registry.npmjs.org/escape-string-regexp/-/escape-string-regexp-1.0.5.tgz",
      "integrity": "sha1-G2HAViGQqN/2rjuyzwIAyhMLhtQ="
    },
    "extend": {
      "version": "1.3.0",
      "resolved": "https://registry.npmjs.org/extend/-/extend-1.3.0.tgz",
      "integrity": "sha1-0VFvsP9WJNLr+RI+odrFoZlABPg="
    },
    "findup-sync": {
      "version": "0.1.3",
      "resolved": "https://registry.npmjs.org/findup-sync/-/findup-sync-0.1.3.tgz",
      "integrity": "sha1-fz56l7gjksZTvwZYm9hRkOk8NoM=",
      "requires": {
        "glob": "~3.2.9",
        "lodash": "~2.4.1"
      },
      "dependencies": {
        "lodash": {
          "version": "2.4.2",
          "resolved": "https://registry.npmjs.org/lodash/-/lodash-2.4.2.tgz",
          "integrity": "sha1-+t2DS5aDBz2hebPq5tnA0VBT9z4="
        }
      }
    },
    "flagged-respawn": {
      "version": "0.3.2",
      "resolved": "https://registry.npmjs.org/flagged-respawn/-/flagged-respawn-0.3.2.tgz",
      "integrity": "sha1-/xke3c1wiKZ1smEP/8l2vpuAdLU="
    },
    "generic-pool": {
      "version": "2.1.1",
      "resolved": "https://registry.npmjs.org/generic-pool/-/generic-pool-2.1.1.tgz",
      "integrity": "sha1-rwTcLDJc/Ll1Aj+lK/zpYXp0Nf0="
    },
    "generic-pool-redux": {
      "version": "0.1.0",
      "resolved": "https://registry.npmjs.org/generic-pool-redux/-/generic-pool-redux-0.1.0.tgz",
      "integrity": "sha1-MmwllOF/uk1PBiLP4JrMPITLOoI="
    },
    "glob": {
      "version": "3.2.11",
      "resolved": "https://registry.npmjs.org/glob/-/glob-3.2.11.tgz",
      "integrity": "sha1-Spc/Y1uRkPcV0QmH1cAP0oFevj0=",
      "requires": {
        "inherits": "2",
        "minimatch": "0.3"
      },
      "dependencies": {
        "minimatch": {
          "version": "0.3.0",
          "resolved": "https://registry.npmjs.org/minimatch/-/minimatch-0.3.0.tgz",
          "integrity": "sha1-J12O2qxPG7MyZHIInnlJyDlGmd0=",
          "requires": {
            "lru-cache": "2",
            "sigmund": "~1.0.0"
          }
        }
      }
    },
    "has-ansi": {
      "version": "0.1.0",
      "resolved": "https://registry.npmjs.org/has-ansi/-/has-ansi-0.1.0.tgz",
      "integrity": "sha1-hPJlqujA5qiKEtcCKJS3VoiUxi4=",
      "requires": {
        "ansi-regex": "^0.2.0"
      }
    },
    "inherits": {
      "version": "2.0.3",
      "resolved": "https://registry.npmjs.org/inherits/-/inherits-2.0.3.tgz",
      "integrity": "sha1-Yzwsg+PaQqUC9SRmAiSA9CCCYd4="
    },
    "interpret": {
      "version": "0.3.10",
      "resolved": "https://registry.npmjs.org/interpret/-/interpret-0.3.10.tgz",
      "integrity": "sha1-CIwl3nMcbFsRKpDwBxz69Fnlp7s="
    },
    "isarray": {
      "version": "0.0.1",
      "resolved": "https://registry.npmjs.org/isarray/-/isarray-0.0.1.tgz",
      "integrity": "sha1-ihis/Kmo9Bd+Cav8YDiTmwXR7t8="
    },
    "knex": {
      "version": "0.7.6",
      "resolved": "https://registry.npmjs.org/knex/-/knex-0.7.6.tgz",
      "integrity": "sha1-Ml0YF0sGJWWP8NNarxzZ5jFpaZI=",
      "requires": {
        "bluebird": "^2.0.0",
        "chalk": "~0.5.1",
        "commander": "^2.2.0",
        "generic-pool-redux": "~0.1.0",
        "inherits": "~2.0.1",
        "interpret": "^0.3.2",
        "liftoff": "~0.13.2",
        "lodash": "~2.4.0",
        "minimist": "~1.1.0",
        "mkdirp": "^0.5.0",
        "readable-stream": "^1.1.12",
        "tildify": "~1.0.0"
      },
      "dependencies": {
        "lodash": {
          "version": "2.4.2",
          "resolved": "https://registry.npmjs.org/lodash/-/lodash-2.4.2.tgz",
          "integrity": "sha1-+t2DS5aDBz2hebPq5tnA0VBT9z4="
        }
      }
    },
    "lazy-object": {
      "version": "1.0.1",
      "resolved": "https://registry.npmjs.org/lazy-object/-/lazy-object-1.0.1.tgz",
      "integrity": "sha1-OGZDTUIQSqxpn9OZiSjLPKf68kk="
    },
    "libpq": {
      "version": "1.8.8",
      "resolved": "https://registry.npmjs.org/libpq/-/libpq-1.8.8.tgz",
      "integrity": "sha512-0TVzqkbAZZiM8JJy5sagRyXOkvU9zTBlgGX6YdzuWECobc5F81Tp6uuS+djMZrnB5YN4O/ff52hsvXYBRW2gdQ==",
      "requires": {
        "bindings": "1.2.1",
        "nan": "^2.10.0"
      }
    },
    "liftoff": {
      "version": "0.13.6",
      "resolved": "https://registry.npmjs.org/liftoff/-/liftoff-0.13.6.tgz",
      "integrity": "sha1-YA6JZrktHgFQ6rW1d2UlafTH0dg=",
      "requires": {
        "extend": "~1.3.0",
        "findup-sync": "~0.1.2",
        "flagged-respawn": "~0.3.0",
        "minimist": "~1.1.0",
        "resolve": "~1.0.0"
      }
    },
    "lodash": {
      "version": "3.10.1",
      "resolved": "https://registry.npmjs.org/lodash/-/lodash-3.10.1.tgz",
      "integrity": "sha1-W/Rejkm6QYnhfUgnid/RW9FAt7Y="
    },
    "lru-cache": {
      "version": "2.7.3",
      "resolved": "https://registry.npmjs.org/lru-cache/-/lru-cache-2.7.3.tgz",
      "integrity": "sha1-bUUk6LlV+V1PW1iFHOId1y+06VI="
    },
    "minimatch": {
      "version": "3.0.2",
      "resolved": "https://registry.npmjs.org/minimatch/-/minimatch-3.0.2.tgz",
      "integrity": "sha1-DzmKcwDqRB6cNIyD2Yq4ydv5xAo=",
      "requires": {
        "brace-expansion": "^1.0.0"
      }
    },
    "minimist": {
      "version": "1.1.3",
      "resolved": "https://registry.npmjs.org/minimist/-/minimist-1.1.3.tgz",
      "integrity": "sha1-O+39kaktOQFvz6ocaB6Pqhoe/ag="
    },
    "mkdirp": {
      "version": "0.5.1",
      "resolved": "https://registry.npmjs.org/mkdirp/-/mkdirp-0.5.1.tgz",
      "integrity": "sha1-MAV0OOrGz3+MR2fzhkjWaX11yQM=",
      "requires": {
        "minimist": "0.0.8"
      },
      "dependencies": {
        "minimist": {
          "version": "0.0.8",
          "resolved": "https://registry.npmjs.org/minimist/-/minimist-0.0.8.tgz",
          "integrity": "sha1-hX/Kv8M5fSYluCKCYuhqp6ARsF0="
        }
      }
    },
    "nan": {
      "version": "2.11.0",
      "resolved": "https://registry.npmjs.org/nan/-/nan-2.11.0.tgz",
      "integrity": "sha512-F4miItu2rGnV2ySkXOQoA8FKz/SR2Q2sWP0sbTxNxz/tuokeC8WxOhPMcwi0qIyGtVn/rrSeLbvVkznqCdwYnw=="
    },
    "packet-reader": {
      "version": "0.3.1",
      "resolved": "https://registry.npmjs.org/packet-reader/-/packet-reader-0.3.1.tgz",
      "integrity": "sha1-zWLmCvjX/qinBexP+ZCHHEaHHyc="
    },
    "pg": {
      "version": "7.4.3",
      "resolved": "https://registry.npmjs.org/pg/-/pg-7.4.3.tgz",
      "integrity": "sha1-97b5P1NA7MJZavu5ShPj1rYJg0s=",
      "requires": {
        "buffer-writer": "1.0.1",
        "packet-reader": "0.3.1",
        "pg-connection-string": "0.1.3",
        "pg-pool": "~2.0.3",
        "pg-types": "~1.12.1",
        "pgpass": "1.x",
        "semver": "4.3.2"
      }
    },
    "pg-connection-string": {
      "version": "0.1.3",
      "resolved": "https://registry.npmjs.org/pg-connection-string/-/pg-connection-string-0.1.3.tgz",
      "integrity": "sha1-2hhHsglA5C7hSSvq9l1J2RskXfc="
    },
    "pg-json-schema-export": {
      "version": "0.13.7",
      "resolved": "https://registry.npmjs.org/pg-json-schema-export/-/pg-json-schema-export-0.13.7.tgz",
      "integrity": "sha1-IyMO0VDBMbZ6VgcZyjJjF8/SqW0=",
      "requires": {
        "bluebird": "^2.3.0",
        "knex": "^0.7",
        "lodash": "^3.2",
        "pg.js": "^4.1"
      }
    },
    "pg-native": {
      "version": "3.0.0",
      "resolved": "https://registry.npmjs.org/pg-native/-/pg-native-3.0.0.tgz",
      "integrity": "sha512-qZZyywXJ8O4lbiIN7mn6vXIow1fd3QZFqzRe+uET/SZIXvCa3HBooXQA4ZU8EQX8Ae6SmaYtDGLp5DwU+8vrfg==",
      "requires": {
        "libpq": "^1.7.0",
        "pg-types": "^1.12.1",
        "readable-stream": "1.0.31"
      },
      "dependencies": {
        "readable-stream": {
          "version": "1.0.31",
          "resolved": "https://registry.npmjs.org/readable-stream/-/readable-stream-1.0.31.tgz",
          "integrity": "sha1-jyUC4LyeOw2huUUgqrtOJgPsr64=",
          "requires": {
            "core-util-is": "~1.0.0",
            "inherits": "~2.0.1",
            "isarray": "0.0.1",
            "string_decoder": "~0.10.x"
          }
        }
      }
    },
    "pg-pool": {
      "version": "2.0.3",
      "resolved": "https://registry.npmjs.org/pg-pool/-/pg-pool-2.0.3.tgz",
      "integrity": "sha1-wCIDLIlJ8xKk+R+2QJzgQHa+Mlc="
    },
    "pg-types": {
      "version": "1.12.1",
      "resolved": "https://registry.npmjs.org/pg-types/-/pg-types-1.12.1.tgz",
      "integrity": "sha1-1kCH45A7WP+q0nnnWVxSIIoUw9I=",
      "requires": {
        "postgres-array": "~1.0.0",
        "postgres-bytea": "~1.0.0",
        "postgres-date": "~1.0.0",
        "postgres-interval": "^1.1.0"
      }
    },
    "pg.js": {
      "version": "4.1.1",
      "resolved": "https://registry.npmjs.org/pg.js/-/pg.js-4.1.1.tgz",
      "integrity": "sha1-ZUAzrnBrMdRL4UQ4g7Kl+arpz8Q=",
      "requires": {
        "buffer-writer": "1.0.0",
        "generic-pool": "2.1.1",
        "packet-reader": "0.2.0",
        "pg-connection-string": "0.1.3",
        "pg-types": "1.6.0",
        "pgpass": "0.0.3"
      },
      "dependencies": {
        "buffer-writer": {
          "version": "1.0.0",
          "resolved": "https://registry.npmjs.org/buffer-writer/-/buffer-writer-1.0.0.tgz",
          "integrity": "sha1-bCnDst6gyeRVofJhoZmkigT4iwg="
        },
        "packet-reader": {
          "version": "0.2.0",
          "resolved": "https://registry.npmjs.org/packet-reader/-/packet-reader-0.2.0.tgz",
          "integrity": "sha1-gZ300BC4LV6lZx+KGjrPA5vNdwA="
        },
        "pg-types": {
          "version": "1.6.0",
          "resolved": "https://registry.npmjs.org/pg-types/-/pg-types-1.6.0.tgz",
          "integrity": "sha1-OHKg8ZkUMCVJf07ipl/a8A1+qLM="
        },
        "pgpass": {
          "version": "0.0.3",
          "resolved": "https://registry.npmjs.org/pgpass/-/pgpass-0.0.3.tgz",
          "integrity": "sha1-EuZ+NDsxicLzEgbrycwL7//PkUA=",
          "requires": {
            "split": "~0.3"
          }
        },
        "split": {
          "version": "0.3.3",
          "resolved": "https://registry.npmjs.org/split/-/split-0.3.3.tgz",
          "integrity": "sha1-zQ7qXmOiEd//frDwkcQTPi0N0o8=",
          "requires": {
            "through": "2"
          }
        }
      }
    },
    "pgpass": {
      "version": "1.0.2",
      "resolved": "https://registry.npmjs.org/pgpass/-/pgpass-1.0.2.tgz",
      "integrity": "sha1-Knu0G2BltnkH6R2hsHwYR8h3swY=",
      "requires": {
        "split": "^1.0.0"
      }
    },
    "postgres-array": {
      "version": "1.0.2",
      "resolved": "https://registry.npmjs.org/postgres-array/-/postgres-array-1.0.2.tgz",
      "integrity": "sha1-jgsy6wO/d6XAp4UeBEHBaaJWojg="
    },
    "postgres-bytea": {
      "version": "1.0.0",
      "resolved": "https://registry.npmjs.org/postgres-bytea/-/postgres-bytea-1.0.0.tgz",
      "integrity": "sha1-AntTPAqokOJtFy1Hz5zOzFIazTU="
    },
    "postgres-date": {
      "version": "1.0.3",
      "resolved": "https://registry.npmjs.org/postgres-date/-/postgres-date-1.0.3.tgz",
      "integrity": "sha1-4tiXAu/bJY/52c7g/pG9BpdSV6g="
    },
    "postgres-interval": {
      "version": "1.1.2",
      "resolved": "https://registry.npmjs.org/postgres-interval/-/postgres-interval-1.1.2.tgz",
      "integrity": "sha512-fC3xNHeTskCxL1dC8KOtxXt7YeFmlbTYtn7ul8MkVERuTmf7pI4DrkAxcw3kh1fQ9uz4wQmd03a1mRiXUZChfQ==",
      "requires": {
        "xtend": "^4.0.0"
      }
    },
    "readable-stream": {
      "version": "1.1.14",
      "resolved": "https://registry.npmjs.org/readable-stream/-/readable-stream-1.1.14.tgz",
      "integrity": "sha1-fPTFTvZI44EwhMY23SB54WbAgdk=",
      "requires": {
        "core-util-is": "~1.0.0",
        "inherits": "~2.0.1",
        "isarray": "0.0.1",
        "string_decoder": "~0.10.x"
      }
    },
    "resolve": {
      "version": "1.0.0",
      "resolved": "https://registry.npmjs.org/resolve/-/resolve-1.0.0.tgz",
      "integrity": "sha1-Km47MU3NV8ZRno4igq+Gh+jeYcY="
    },
    "semver": {
      "version": "4.3.2",
      "resolved": "https://registry.npmjs.org/semver/-/semver-4.3.2.tgz",
      "integrity": "sha1-x6BxWKgL7dBSNVt3DYLWZA+AO+c="
    },
    "sigmund": {
      "version": "1.0.1",
      "resolved": "https://registry.npmjs.org/sigmund/-/sigmund-1.0.1.tgz",
      "integrity": "sha1-P/IfGYytIXX587eBhT/ZTQ0ZtZA="
    },
    "split": {
      "version": "1.0.1",
      "resolved": "https://registry.npmjs.org/split/-/split-1.0.1.tgz",
      "integrity": "sha512-mTyOoPbrivtXnwnIxZRFYRrPNtEFKlpB2fvjSnCQUiAA6qAZzqwna5envK4uk6OIeP17CsdF3rSBGYVBsU0Tkg==",
      "requires": {
        "through": "2"
      }
    },
    "string_decoder": {
      "version": "0.10.31",
      "resolved": "https://registry.npmjs.org/string_decoder/-/string_decoder-0.10.31.tgz",
      "integrity": "sha1-YuIDvEF2bGwoyfyEMB2rHFMQ+pQ="
    },
    "strip-ansi": {
      "version": "0.3.0",
      "resolved": "https://registry.npmjs.org/strip-ansi/-/strip-ansi-0.3.0.tgz",
      "integrity": "sha1-JfSOoiynkYfzF0pNuHWTR7sSYiA=",
      "requires": {
        "ansi-regex": "^0.2.1"
      }
    },
    "supports-color": {
      "version": "0.2.0",
      "resolved": "https://registry.npmjs.org/supports-color/-/supports-color-0.2.0.tgz",
      "integrity": "sha1-2S3iaU6z9nMjlz1649i1W0wiGQo="
    },
    "through": {
      "version": "2.3.8",
      "resolved": "https://registry.npmjs.org/through/-/through-2.3.8.tgz",
      "integrity": "sha1-DdTJ/6q8NXlgsbckEV1+Doai4fU="
    },
    "tildify": {
      "version": "1.0.0",
      "resolved": "https://registry.npmjs.org/tildify/-/tildify-1.0.0.tgz",
      "integrity": "sha1-KgIdtej73gqPi03zetqo+x05190=",
      "requires": {
        "user-home": "^1.0.0"
      }
    },
    "user-home": {
      "version": "1.1.1",
      "resolved": "https://registry.npmjs.org/user-home/-/user-home-1.1.1.tgz",
      "integrity": "sha1-K1viOjK2Onyd640PKNSFcko98ZA="
    },
    "xtend": {
      "version": "4.0.1",
      "resolved": "https://registry.npmjs.org/xtend/-/xtend-4.0.1.tgz",
      "integrity": "sha1-pcbVMr5lbiPbgg77lDofBJmNY68="
    }
  }
}
